<?xml version="1.0" encoding="utf-8"?>
<Project ToolsVersion="15.0" xmlns="http://schemas.microsoft.com/developer/msbuild/2003">
  <ItemGroup>
    <Filter Include="Resources">
      <UniqueIdentifier>f4e0e2fb-4eda-48af-8727-0543f69cd9dd</UniqueIdentifier>
      <Extensions>rc;ico;cur;bmp;dlg;rc2;rct;bin;rgs;gif;jpg;jpeg;jpe;resx;tga;tiff;tif;png;wav;mfcribbon-ms</Extensions>
    </Filter>
    <Filter Include="Shaders">
      <UniqueIdentifier>{648577c8-7196-4326-974b-052e169d2d03}</UniqueIdentifier>
    </Filter>
    <Filter Include="Device">
      <UniqueIdentifier>{a1c8a5ff-8cd3-451b-a51e-986d9f3a0482}</UniqueIdentifier>
    </Filter>
    <Filter Include="Utility">
      <UniqueIdentifier>{ece6b498-c945-4ae4-8551-a6ddc34e9dee}</UniqueIdentifier>
    </Filter>
    <Filter Include="Shaders\FromUnity">
      <UniqueIdentifier>{63953ed0-9148-49e5-8fb2-a95b27a02911}</UniqueIdentifier>
    </Filter>
    <Filter Include="RayTracing">
      <UniqueIdentifier>{33d80bae-d791-47c2-adf9-087c0e11f84b}</UniqueIdentifier>
    </Filter>
    <Filter Include="Shaders\FromDisney">
      <UniqueIdentifier>{ed325251-453d-4a48-81a6-e8dbd3ecb061}</UniqueIdentifier>
    </Filter>
    <Filter Include="Shaders\ImageProcess">
      <UniqueIdentifier>{5e577815-f70c-4c5d-8d5b-9bf1dea3d92f}</UniqueIdentifier>
    </Filter>
    <Filter Include="Shaders\AO">
      <UniqueIdentifier>{2038a6fd-c361-4221-b9c0-79f9088d5ab0}</UniqueIdentifier>
    </Filter>
    <Filter Include="GPUProgram">
      <UniqueIdentifier>{ae96fcc1-6f8c-4df5-98b3-f6a0a9b38ddc}</UniqueIdentifier>
    </Filter>
  </ItemGroup>
  <ItemGroup>
    <ClCompile Include="pch.cpp" />
    <ClCompile Include="MMDMesh.cpp" />
    <ClCompile Include="Texture2D.cpp" />
    <ClCompile Include="Material.cpp" />
    <ClCompile Include="ConstantBuffer.cpp" />
    <ClCompile Include="DeviceResources.cpp">
      <Filter>Device</Filter>
    </ClCompile>
    <ClCompile Include="GraphicsContext.cpp">
      <Filter>Device</Filter>
    </ClCompile>
    <ClCompile Include="RenderTexture2D.cpp" />
    <ClCompile Include="GraphicsSignature.cpp">
      <Filter>Device</Filter>
    </ClCompile>
    <ClCompile Include="RayTracingScene.cpp" />
    <ClCompile Include="ConstantBufferStatic.cpp" />
    <ClCompile Include="WICFactory.cpp">
      <Filter>Device</Filter>
    </ClCompile>
    <ClCompile Include="TextureCube.cpp" />
    <ClCompile Include="RenderTextureCube.cpp" />
    <ClCompile Include="ReadBackTexture2D.cpp" />
    <ClCompile Include="StaticBuffer.cpp" />
    <ClCompile Include="TwinBuffer.cpp" />
    <ClCompile Include="DynamicMesh.cpp" />
    <ClCompile Include="GPUProgram\ComputePO.cpp">
      <Filter>GPUProgram</Filter>
    </ClCompile>
    <ClCompile Include="GPUProgram\VertexShader.cpp">
      <Filter>GPUProgram</Filter>
    </ClCompile>
    <ClCompile Include="GPUProgram\GeometryShader.cpp">
      <Filter>GPUProgram</Filter>
    </ClCompile>
    <ClCompile Include="GPUProgram\PixelShader.cpp">
      <Filter>GPUProgram</Filter>
    </ClCompile>
    <ClCompile Include="GPUProgram\PObject.cpp">
      <Filter>GPUProgram</Filter>
    </ClCompile>
  </ItemGroup>
  <ItemGroup>
    <ClInclude Include="pch.h" />
    <ClInclude Include="MMDMesh.h" />
    <ClInclude Include="Texture2D.h" />
    <ClInclude Include="Material.h" />
    <ClInclude Include="ConstantBuffer.h" />
    <ClInclude Include="DeviceResources.h">
      <Filter>Device</Filter>
    </ClInclude>
    <ClInclude Include="GraphicsContext.h">
      <Filter>Device</Filter>
    </ClInclude>
    <ClInclude Include="DirectXHelper.h">
      <Filter>Device</Filter>
    </ClInclude>
    <ClInclude Include="RenderTexture2D.h" />
    <ClInclude Include="d3dx12.h">
      <Filter>Utility</Filter>
    </ClInclude>
    <ClInclude Include="GraphicsSignature.h">
      <Filter>Device</Filter>
    </ClInclude>
    <ClInclude Include="GraphicsObjectStatus.h" />
    <ClInclude Include="RayTracing\DirectXRaytracingHelper.h">
      <Filter>RayTracing</Filter>
    </ClInclude>
    <ClInclude Include="RayTracingScene.h" />
    <ClInclude Include="ConstantBufferStatic.h" />
    <ClInclude Include="WICFactory.h">
      <Filter>Device</Filter>
    </ClInclude>
    <ClInclude Include="TextureCube.h" />
    <ClInclude Include="RenderTextureCube.h" />
    <ClInclude Include="ITexture.h" />
    <ClInclude Include="ReadBackTexture2D.h" />
    <ClInclude Include="StaticBuffer.h" />
    <ClInclude Include="TwinBuffer.h" />
    <ClInclude Include="DynamicMesh.h" />
    <ClInclude Include="GPUProgram\ComputePO.h">
      <Filter>GPUProgram</Filter>
    </ClInclude>
    <ClInclude Include="GPUProgram\VertexShader.h">
      <Filter>GPUProgram</Filter>
    </ClInclude>
    <ClInclude Include="GPUProgram\GeometryShader.h">
      <Filter>GPUProgram</Filter>
    </ClInclude>
    <ClInclude Include="GPUProgram\PixelShader.h">
      <Filter>GPUProgram</Filter>
    </ClInclude>
    <ClInclude Include="GPUProgram\PObject.h">
      <Filter>GPUProgram</Filter>
    </ClInclude>
    <ClInclude Include="GPUProgram\ShaderMacro.h">
      <Filter>GPUProgram</Filter>
    </ClInclude>
  </ItemGroup>
  <ItemGroup>
    <FxCompile Include="Shaders\VSParticleStandard.hlsl">
      <Filter>Shaders</Filter>
    </FxCompile>
    <FxCompile Include="Shaders\PSParticleStandard.hlsl">
      <Filter>Shaders</Filter>
    </FxCompile>
    <FxCompile Include="Shaders\GSParticleStandard.hlsl">
      <Filter>Shaders</Filter>
    </FxCompile>
    <FxCompile Include="Shaders\GSUIStandard.hlsl">
      <Filter>Shaders</Filter>
    </FxCompile>
    <FxCompile Include="Shaders\VSUIStandard.hlsl">
      <Filter>Shaders</Filter>
    </FxCompile>
    <FxCompile Include="Shaders\PSUIStandard.hlsl">
      <Filter>Shaders</Filter>
    </FxCompile>
    <FxCompile Include="Shaders\PSMMDError.hlsl">
      <Filter>Shaders</Filter>
    </FxCompile>
    <FxCompile Include="Shaders\PSMMD.hlsl">
      <Filter>Shaders</Filter>
    </FxCompile>
    <FxCompile Include="Shaders\PSMMDLoading.hlsl">
      <Filter>Shaders</Filter>
    </FxCompile>
    <FxCompile Include="Shaders\GSTest.hlsl">
      <Filter>Shaders</Filter>
    </FxCompile>
    <FxCompile Include="Shaders\VSPostProcess.hlsl">
      <Filter>Shaders</Filter>
    </FxCompile>
    <FxCompile Include="Shaders\PSPostProcess.hlsl">
      <Filter>Shaders</Filter>
    </FxCompile>
    <FxCompile Include="RayTracing\Raytracing.hlsl">
      <Filter>RayTracing</Filter>
    </FxCompile>
    <FxCompile Include="Shaders\VSMMDSkinning2.hlsl">
      <Filter>Shaders</Filter>
    </FxCompile>
    <FxCompile Include="Shaders\VSMMDTransform.hlsl">
      <Filter>Shaders</Filter>
    </FxCompile>
    <FxCompile Include="Shaders\PSMMDAlphaClip.hlsl">
      <Filter>Shaders</Filter>
    </FxCompile>
    <FxCompile Include="Shaders\PSMMD_DisneyBRDF.hlsl">
      <Filter>Shaders</Filter>
    </FxCompile>
    <FxCompile Include="Shaders\GSMMD.hlsl">
      <Filter>Shaders</Filter>
    </FxCompile>
    <FxCompile Include="Shaders\ImageProcess\G_IrradianceMap0.hlsl">
      <Filter>Shaders\ImageProcess</Filter>
    </FxCompile>
    <FxCompile Include="VSSkyBox.hlsl">
      <Filter>Shaders</Filter>
    </FxCompile>
    <FxCompile Include="Shaders\PSSkyBox.hlsl">
      <Filter>Shaders</Filter>
    </FxCompile>
    <FxCompile Include="Shaders\ImageProcess\G_ClearIrradianceMap.hlsl">
      <Filter>Shaders\ImageProcess</Filter>
    </FxCompile>
    <FxCompile Include="Shaders\PSMMD_Toon1.hlsl">
      <Filter>Shaders</Filter>
    </FxCompile>
    <FxCompile Include="Shaders\PSMMDAlphaClip1.hlsl">
      <Filter>Shaders</Filter>
    </FxCompile>
  </ItemGroup>
  <ItemGroup>
    <None Include="Shaders\FromUnity\UnityStandardBRDF.hlsli">
      <Filter>Shaders\FromUnity</Filter>
    </None>
    <None Include="Shaders\CameraDataDefine.hlsli">
      <Filter>Shaders</Filter>
    </None>
    <None Include="Shaders\RandomNumberGenerator.hlsli">
      <Filter>Shaders</Filter>
    </None>
    <None Include="Shaders\FromDisney\DisneyBRDF.hlsli">
      <Filter>Shaders\FromDisney</Filter>
    </None>
  </ItemGroup>
</Project>