<?xml version="1.0" encoding="utf-8"?>
<Project ToolsVersion="15.0" xmlns="http://schemas.microsoft.com/developer/msbuild/2003">
  <ItemGroup>
    <Filter Include="Resources">
      <UniqueIdentifier>f4e0e2fb-4eda-48af-8727-0543f69cd9dd</UniqueIdentifier>
      <Extensions>rc;ico;cur;bmp;dlg;rc2;rct;bin;rgs;gif;jpg;jpeg;jpe;resx;tga;tiff;tif;png;wav;mfcribbon-ms</Extensions>
    </Filter>
    <Filter Include="Shaders">
      <UniqueIdentifier>{648577c8-7196-4326-974b-052e169d2d03}</UniqueIdentifier>
    </Filter>
    <Filter Include="Device">
      <UniqueIdentifier>{a1c8a5ff-8cd3-451b-a51e-986d9f3a0482}</UniqueIdentifier>
    </Filter>
    <Filter Include="Utility">
      <UniqueIdentifier>{ece6b498-c945-4ae4-8551-a6ddc34e9dee}</UniqueIdentifier>
    </Filter>
    <Filter Include="Shaders\FromUnity">
      <UniqueIdentifier>{63953ed0-9148-49e5-8fb2-a95b27a02911}</UniqueIdentifier>
    </Filter>
  </ItemGroup>
  <ItemGroup>
    <ClCompile Include="pch.cpp" />
    <ClCompile Include="VertexShader.cpp" />
    <ClCompile Include="PixelShader.cpp" />
    <ClCompile Include="MMDMesh.cpp" />
    <ClCompile Include="Texture2D.cpp" />
    <ClCompile Include="Material.cpp" />
    <ClCompile Include="ConstantBuffer.cpp" />
    <ClCompile Include="PObject.cpp" />
    <ClCompile Include="DeviceResources.cpp">
      <Filter>Device</Filter>
    </ClCompile>
    <ClCompile Include="GraphicsContext.cpp">
      <Filter>Device</Filter>
    </ClCompile>
    <ClCompile Include="GeometryShader.cpp" />
    <ClCompile Include="RenderTexture2D.cpp" />
    <ClCompile Include="GraphicsSignature.cpp">
      <Filter>Device</Filter>
    </ClCompile>
  </ItemGroup>
  <ItemGroup>
    <ClInclude Include="pch.h" />
    <ClInclude Include="VertexShader.h" />
    <ClInclude Include="PixelShader.h" />
    <ClInclude Include="MMDMesh.h" />
    <ClInclude Include="Texture2D.h" />
    <ClInclude Include="Material.h" />
    <ClInclude Include="ConstantBuffer.h" />
    <ClInclude Include="PObject.h" />
    <ClInclude Include="DeviceResources.h">
      <Filter>Device</Filter>
    </ClInclude>
    <ClInclude Include="GraphicsContext.h">
      <Filter>Device</Filter>
    </ClInclude>
    <ClInclude Include="DirectXHelper.h">
      <Filter>Device</Filter>
    </ClInclude>
    <ClInclude Include="GeometryShader.h" />
    <ClInclude Include="RenderTexture2D.h" />
    <ClInclude Include="d3dx12.h">
      <Filter>Utility</Filter>
    </ClInclude>
    <ClInclude Include="GraphicsSignature.h">
      <Filter>Device</Filter>
    </ClInclude>
    <ClInclude Include="GraphicsObjectStatus.h" />
  </ItemGroup>
  <ItemGroup>
    <FxCompile Include="Shaders\VSParticleStandard.hlsl">
      <Filter>Shaders</Filter>
    </FxCompile>
    <FxCompile Include="Shaders\PSParticleStandard.hlsl">
      <Filter>Shaders</Filter>
    </FxCompile>
    <FxCompile Include="Shaders\GSParticleStandard.hlsl">
      <Filter>Shaders</Filter>
    </FxCompile>
    <FxCompile Include="Shaders\GSUIStandard.hlsl">
      <Filter>Shaders</Filter>
    </FxCompile>
    <FxCompile Include="Shaders\VSUIStandard.hlsl">
      <Filter>Shaders</Filter>
    </FxCompile>
    <FxCompile Include="Shaders\PSUIStandard.hlsl">
      <Filter>Shaders</Filter>
    </FxCompile>
    <FxCompile Include="Shaders\VSMMD.hlsl">
      <Filter>Shaders</Filter>
    </FxCompile>
    <FxCompile Include="Shaders\PSMMDError.hlsl">
      <Filter>Shaders</Filter>
    </FxCompile>
    <FxCompile Include="Shaders\PSMMD.hlsl">
      <Filter>Shaders</Filter>
    </FxCompile>
    <FxCompile Include="Shaders\PSMMDLoading.hlsl">
      <Filter>Shaders</Filter>
    </FxCompile>
    <FxCompile Include="Shaders\GSTest.hlsl">
      <Filter>Shaders</Filter>
    </FxCompile>
    <FxCompile Include="Shaders\VSPostProcess.hlsl">
      <Filter>Shaders</Filter>
    </FxCompile>
    <FxCompile Include="Shaders\PSPostProcess.hlsl">
      <Filter>Shaders</Filter>
    </FxCompile>
  </ItemGroup>
  <ItemGroup>
    <None Include="Shaders\FromUnity\UnityStandardBRDF.hlsli">
      <Filter>Shaders\FromUnity</Filter>
    </None>
  </ItemGroup>
</Project>